
Microsoft Visual Studio Solution File, Format Version 12.00
# Visual Studio Version 16
VisualStudioVersion = 16.0.29020.237
MinimumVisualStudioVersion = 10.0.40219.1
Project("{FAE04EC0-301F-11D3-BF4B-00C04F79EFBC}") = "ProgressTracker", "ProgressTracker\ProgressTracker.csproj", "{BD71E16C-309A-4A8E-A807-E95CCD6074F0}"
EndProject
Global
	GlobalSection(SolutionConfigurationPlatforms) = preSolution
		Debug|Any CPU = Debug|Any CPU
		Release|Any CPU = Release|Any CPU
	EndGlobalSection
	GlobalSection(ProjectConfigurationPlatforms) = postSolution
		{BD71E16C-309A-4A8E-A807-E95CCD6074F0}.Debug|Any CPU.ActiveCfg = Debug|Any CPU
		{BD71E16C-309A-4A8E-A807-E95CCD6074F0}.Debug|Any CPU.Build.0 = Debug|Any CPU
		{BD71E16C-309A-4A8E-A807-E95CCD6074F0}.Release|Any CPU.ActiveCfg = Release|Any CPU
		{BD71E16C-309A-4A8E-A807-E95CCD6074F0}.Release|Any CPU.Build.0 = Release|Any CPU
	EndGlobalSection
	GlobalSection(SolutionProperties) = preSolution
		HideSolutionNode = FALSE
	EndGlobalSection
	GlobalSection(ExtensibilityGlobals) = postSolution
		SolutionGuid = {0F5A5DD5-EA51-4B2F-8141-FB00F432C149}
	EndGlobalSection
EndGlobal
